{
  "projects": [
    {
      "projectId": "2qM8YZaLjuLDEx2PqwyznS",
      "version": "latest",
      "dependencies": {},
      "lang": "ts",
      "fileLocks": [
        {
          "type": "globalVariant",
          "assetId": "dd3xkTswNx7N",
          "checksum": "5655261fe8dbbcf6f0d6deebe1141830"
        },
        {
          "type": "renderModule",
          "assetId": "68O0a8cjJcEC",
          "checksum": "0a782c1224d33ce8873c1484470cacaa"
        },
        {
          "type": "cssRules",
          "assetId": "68O0a8cjJcEC",
          "checksum": "0a782c1224d33ce8873c1484470cacaa"
        },
        {
          "assetId": "2qM8YZaLjuLDEx2PqwyznS",
          "type": "projectCss",
          "checksum": "8b19cf6fea7a59e57d543ca43ae3012c"
        }
      ],
      "codegenVersion": "0.0.1"
    }
  ],
  "cliVersion": "0.1.338"
}
